
Microsoft Visual Studio Solution File, Format Version 12.00
# Visual Studio Version 17
VisualStudioVersion = 17.9.34714.143
MinimumVisualStudioVersion = 10.0.40219.1
Project("{FAE04EC0-301F-11D3-BF4B-00C04F79EFBC}") = "RelogioDigital", "RelogioDigital.csproj", "{14D5676A-DE11-41F9-9C30-B40546F12475}"
EndProject
Global
	GlobalSection(SolutionConfigurationPlatforms) = preSolution
		Debug|Any CPU = Debug|Any CPU
		Release|Any CPU = Release|Any CPU
	EndGlobalSection
	GlobalSection(ProjectConfigurationPlatforms) = postSolution
		{14D5676A-DE11-41F9-9C30-B40546F12475}.Debug|Any CPU.ActiveCfg = Debug|Any CPU
		{14D5676A-DE11-41F9-9C30-B40546F12475}.Debug|Any CPU.Build.0 = Debug|Any CPU
		{14D5676A-DE11-41F9-9C30-B40546F12475}.Release|Any CPU.ActiveCfg = Release|Any CPU
		{14D5676A-DE11-41F9-9C30-B40546F12475}.Release|Any CPU.Build.0 = Release|Any CPU
	EndGlobalSection
	GlobalSection(SolutionProperties) = preSolution
		HideSolutionNode = FALSE
	EndGlobalSection
	GlobalSection(ExtensibilityGlobals) = postSolution
		SolutionGuid = {1F8C0092-C16B-47D2-84BF-51119AE1A0A2}
	EndGlobalSection
EndGlobal
